<Solution>
  <Folder Name="/Elementos de la solución/">
    <File Path="Jenkinsfile" />
  </Folder>
  <Project Path="../Ferre2.Tests/Ferre2.Tests.csproj" Id="3e3c0608-4e1a-4960-b3aa-44a60d27f20c" />
  <Project Path="../PruebaUsuario.Tests/PruebaUsuario.Tests.csproj" Id="370ca02e-4121-40b7-915f-ae8c5ab11293" />
  <Project Path="../PruebaUsuario/PruebaUsuario.csproj" Id="2234ff67-a345-4a47-a91e-3d2d13873b07" />
  <Project Path="ferre2.csproj" Id="e838444f-019e-4724-b0c8-f9cde0daae73" />
</Solution>
